    devDependencies:
      '@vitejs/plugin-vue':
        specifier: ^5.2.1
        version: 5.2.4(vite@7.1.5(less@4.4.1)(sass@1.91.0)(terser@5.43.1))(vue@3.5.20)
        version: 5.2.4(vite@6.4.1(less@4.4.1)(sass@1.91.0)(terser@5.43.1))(vue@3.5.20)
      less:
        specifier: ^4.2.2
        version: 4.4.1
        specifier: ^28.7.0
        version: 28.8.0(@babel/parser@7.28.3)(vue@3.5.20)
      vite:
        specifier: 7.1.5
        version: 7.1.5(less@4.4.1)(sass@1.91.0)(terser@5.43.1)
        specifier: ^6.0.0
        version: 6.4.1(less@4.4.1)(sass@1.91.0)(terser@5.43.1)
      vite-plugin-pwa:
        specifier: ^1.0.3
        version: 1.0.3(vite@7.1.5(less@4.4.1)(sass@1.91.0)(terser@5.43.1))(workbox-build@7.3.0)(workbox-window@7.3.0)
        version: 1.0.3(vite@6.4.1(less@4.4.1)(sass@1.91.0)(terser@5.43.1))(workbox-build@7.3.0)(workbox-window@7.3.0)

packages:

    engines: {node: '>= 10.0.0'}
    cpu: [arm]
    os: [linux]
    libc: [glibc]

  '@parcel/watcher-linux-arm-musl@2.5.1':
    resolution: {integrity: sha512-6E+m/Mm1t1yhB8X412stiKFG3XykmgdIOqhjWj+VL8oHkKABfu/gjFj8DvLrYVHSBNC+/u5PeNrujiSQ1zwd1Q==}
    engines: {node: '>= 10.0.0'}
    cpu: [arm]
    os: [linux]
    libc: [musl]

  '@parcel/watcher-linux-arm64-glibc@2.5.1':
    resolution: {integrity: sha512-LrGp+f02yU3BN9A+DGuY3v3bmnFUggAITBGriZHUREfNEzZh/GO06FF5u2kx8x+GBEUYfyTGamol4j3m9ANe8w==}
    engines: {node: '>= 10.0.0'}
    cpu: [arm64]
    os: [linux]
    libc: [glibc]

  '@parcel/watcher-linux-arm64-musl@2.5.1':
    resolution: {integrity: sha512-cFOjABi92pMYRXS7AcQv9/M1YuKRw8SZniCDw0ssQb/noPkRzA+HBDkwmyOJYp5wXcsTrhxO0zq1U11cK9jsFg==}
    engines: {node: '>= 10.0.0'}
    cpu: [arm64]
    os: [linux]
    libc: [musl]

  '@parcel/watcher-linux-x64-glibc@2.5.1':
    resolution: {integrity: sha512-GcESn8NZySmfwlTsIur+49yDqSny2IhPeZfXunQi48DMugKeZ7uy1FX83pO0X22sHntJ4Ub+9k34XQCX+oHt2A==}
    engines: {node: '>= 10.0.0'}
    cpu: [x64]
    os: [linux]
    libc: [glibc]

  '@parcel/watcher-linux-x64-musl@2.5.1':
    resolution: {integrity: sha512-n0E2EQbatQ3bXhcH2D1XIAANAcTZkQICBPVaxMeaCVBtOpBZpWJuf7LwyWPSBDITb7In8mqQgJ7gH8CILCURXg==}
    engines: {node: '>= 10.0.0'}
    cpu: [x64]
    os: [linux]
    libc: [musl]

  '@parcel/watcher-win32-arm64@2.5.1':
    resolution: {integrity: sha512-RFzklRvmc3PkjKjry3hLF9wD7ppR4AKcWNzH7kXR7GUe0Igb3Nz8fyPwtZCSquGrhU5HhUNDr/mKBqj7tqA2Vw==}
    resolution: {integrity: sha512-u72Mzc6jyJwKjJbZZcIYmd9bumJu7KNmHYdue43vT1rXPm2rITwmPWF0mmPzLm9/vJWxIRbao/jrQmxTO0Sm9w==}
    cpu: [arm]
    os: [linux]
    libc: [glibc]

  '@rollup/rollup-linux-arm-musleabihf@4.50.0':
    resolution: {integrity: sha512-S4UefYdV0tnynDJV1mdkNawp0E5Qm2MtSs330IyHgaccOFrwqsvgigUD29uT+B/70PDY1eQ3t40+xf6wIvXJyg==}
    cpu: [arm]
    os: [linux]
    libc: [musl]

  '@rollup/rollup-linux-arm64-gnu@4.50.0':
    resolution: {integrity: sha512-1EhkSvUQXJsIhk4msxP5nNAUWoB4MFDHhtc4gAYvnqoHlaL9V3F37pNHabndawsfy/Tp7BPiy/aSa6XBYbaD1g==}
    cpu: [arm64]
    os: [linux]
    libc: [glibc]

  '@rollup/rollup-linux-arm64-musl@4.50.0':
    resolution: {integrity: sha512-EtBDIZuDtVg75xIPIK1l5vCXNNCIRM0OBPUG+tbApDuJAy9mKago6QxX+tfMzbCI6tXEhMuZuN1+CU8iDW+0UQ==}
    cpu: [arm64]
    os: [linux]
    libc: [musl]

  '@rollup/rollup-linux-loongarch64-gnu@4.50.0':
    resolution: {integrity: sha512-BGYSwJdMP0hT5CCmljuSNx7+k+0upweM2M4YGfFBjnFSZMHOLYR0gEEj/dxyYJ6Zc6AiSeaBY8dWOa11GF/ppQ==}
    cpu: [loong64]
    os: [linux]
    libc: [glibc]

  '@rollup/rollup-linux-ppc64-gnu@4.50.0':
    resolution: {integrity: sha512-I1gSMzkVe1KzAxKAroCJL30hA4DqSi+wGc5gviD0y3IL/VkvcnAqwBf4RHXHyvH66YVHxpKO8ojrgc4SrWAnLg==}
    cpu: [ppc64]
    os: [linux]
    libc: [glibc]

  '@rollup/rollup-linux-riscv64-gnu@4.50.0':
    resolution: {integrity: sha512-bSbWlY3jZo7molh4tc5dKfeSxkqnf48UsLqYbUhnkdnfgZjgufLS/NTA8PcP/dnvct5CCdNkABJ56CbclMRYCA==}
    cpu: [riscv64]
    os: [linux]
    libc: [glibc]

  '@rollup/rollup-linux-riscv64-musl@4.50.0':
    resolution: {integrity: sha512-LSXSGumSURzEQLT2e4sFqFOv3LWZsEF8FK7AAv9zHZNDdMnUPYH3t8ZlaeYYZyTXnsob3htwTKeWtBIkPV27iQ==}
    cpu: [riscv64]
    os: [linux]
    libc: [musl]

  '@rollup/rollup-linux-s390x-gnu@4.50.0':
    resolution: {integrity: sha512-CxRKyakfDrsLXiCyucVfVWVoaPA4oFSpPpDwlMcDFQvrv3XY6KEzMtMZrA+e/goC8xxp2WSOxHQubP8fPmmjOQ==}
    cpu: [s390x]
    os: [linux]
    libc: [glibc]

  '@rollup/rollup-linux-x64-gnu@4.50.0':
    resolution: {integrity: sha512-8PrJJA7/VU8ToHVEPu14FzuSAqVKyo5gg/J8xUerMbyNkWkO9j2ExBho/68RnJsMGNJq4zH114iAttgm7BZVkA==}
    cpu: [x64]
    os: [linux]
    libc: [glibc]

  '@rollup/rollup-linux-x64-musl@4.50.0':
    resolution: {integrity: sha512-SkE6YQp+CzpyOrbw7Oc4MgXFvTw2UIBElvAvLCo230pyxOLmYwRPwZ/L5lBe/VW/qT1ZgND9wJfOsdy0XptRvw==}
    cpu: [x64]
    os: [linux]
    libc: [musl]

  '@rollup/rollup-openharmony-arm64@4.50.0':
    resolution: {integrity: sha512-PZkNLPfvXeIOgJWA804zjSFH7fARBBCpCXxgkGDRjjAhRLOR8o0IGS01ykh5GYfod4c2yiiREuDM8iZ+pVsT+Q==}
      '@vite-pwa/assets-generator':
        optional: true

  vite@7.1.5:
    resolution: {integrity: sha512-4cKBO9wR75r0BeIWWWId9XK9Lj6La5X846Zw9dFfzMRw38IlTk2iCcUt6hsyiDRcPidc55ZParFYDXi0nXOeLQ==}
    engines: {node: ^20.19.0 || >=22.12.0}
  vite@6.4.1:
    resolution: {integrity: sha512-+Oxm7q9hDoLMyJOYfUYBuHQo+dkAloi33apOPP56pzj+vsdJDzr+j1NISE5pyaAuKL4A3UD34qd0lx5+kfKp2g==}
    engines: {node: ^18.0.0 || ^20.0.0 || >=22.0.0}
    hasBin: true
    peerDependencies:
      '@types/node': ^20.19.0 || >=22.12.0
      '@types/node': ^18.0.0 || ^20.0.0 || >=22.0.0
      jiti: '>=1.21.0'
      less: ^4.0.0
      less: '*'
      lightningcss: ^1.21.0
      sass: ^1.70.0
      sass-embedded: ^1.70.0
      stylus: '>=0.54.8'
      sugarss: ^5.0.0
      sass: '*'
      sass-embedded: '*'
      stylus: '*'
      sugarss: '*'
      terser: ^5.16.0
      tsx: ^4.8.1
      yaml: ^2.4.2

  '@types/web-bluetooth@0.0.21': {}

  '@vitejs/plugin-vue@5.2.4(vite@7.1.5(less@4.4.1)(sass@1.91.0)(terser@5.43.1))(vue@3.5.20)':
  '@vitejs/plugin-vue@5.2.4(vite@6.4.1(less@4.4.1)(sass@1.91.0)(terser@5.43.1))(vue@3.5.20)':
    dependencies:
      vite: 7.1.5(less@4.4.1)(sass@1.91.0)(terser@5.43.1)
      vite: 6.4.1(less@4.4.1)(sass@1.91.0)(terser@5.43.1)
      vue: 3.5.20

  '@vue/compiler-core@3.5.20':
    dependencies:
      inherits: 2.0.3

  vite-plugin-pwa@1.0.3(vite@7.1.5(less@4.4.1)(sass@1.91.0)(terser@5.43.1))(workbox-build@7.3.0)(workbox-window@7.3.0):
  vite-plugin-pwa@1.0.3(vite@6.4.1(less@4.4.1)(sass@1.91.0)(terser@5.43.1))(workbox-build@7.3.0)(workbox-window@7.3.0):
    dependencies:
      debug: 4.4.1
      pretty-bytes: 6.1.1
      tinyglobby: 0.2.14
      vite: 7.1.5(less@4.4.1)(sass@1.91.0)(terser@5.43.1)
      vite: 6.4.1(less@4.4.1)(sass@1.91.0)(terser@5.43.1)
      workbox-build: 7.3.0
      workbox-window: 7.3.0
    transitivePeerDependencies:
      - supports-color

  vite@7.1.5(less@4.4.1)(sass@1.91.0)(terser@5.43.1):
  vite@6.4.1(less@4.4.1)(sass@1.91.0)(terser@5.43.1):
    dependencies:
      esbuild: 0.25.9
      fdir: 6.5.0(picomatch@4.0.3)
